
Microsoft Visual Studio Solution File, Format Version 12.00
# Visual Studio Version 16
VisualStudioVersion = 16.0.29009.5
MinimumVisualStudioVersion = 10.0.40219.1
Project("{2150E333-8FDC-42A3-9474-1A3956D46DE8}") = "Solution Items", "Solution Items", "{F1CB323C-E87B-4FDD-8C88-3D14CC004814}"
	ProjectSection(SolutionItems) = preProject
		.gitignore = .gitignore
		Adamrmoss.TextGeneration.sln.DotSettings = Adamrmoss.TextGeneration.sln.DotSettings
	EndProjectSection
EndProject
Project("{FAE04EC0-301F-11D3-BF4B-00C04F79EFBC}") = "Adamrmoss.TextGeneration", "Adamrmoss.TextGeneration\Adamrmoss.TextGeneration.csproj", "{9A5B9C69-E54B-4FC6-94C6-2556B4574A37}"
EndProject
Project("{FAE04EC0-301F-11D3-BF4B-00C04F79EFBC}") = "Adamrmoss.TextGeneration.Specs", "Adamrmoss.TextGeneration.Specs\Adamrmoss.TextGeneration.Specs.csproj", "{468CD4F5-7A08-4A35-901B-7DDC2EF0056F}"
EndProject
Global
	GlobalSection(SolutionConfigurationPlatforms) = preSolution
		Debug|Any CPU = Debug|Any CPU
		Release|Any CPU = Release|Any CPU
	EndGlobalSection
	GlobalSection(ProjectConfigurationPlatforms) = postSolution
		{9A5B9C69-E54B-4FC6-94C6-2556B4574A37}.Debug|Any CPU.ActiveCfg = Debug|Any CPU
		{9A5B9C69-E54B-4FC6-94C6-2556B4574A37}.Debug|Any CPU.Build.0 = Debug|Any CPU
		{9A5B9C69-E54B-4FC6-94C6-2556B4574A37}.Release|Any CPU.ActiveCfg = Release|Any CPU
		{9A5B9C69-E54B-4FC6-94C6-2556B4574A37}.Release|Any CPU.Build.0 = Release|Any CPU
		{468CD4F5-7A08-4A35-901B-7DDC2EF0056F}.Debug|Any CPU.ActiveCfg = Debug|Any CPU
		{468CD4F5-7A08-4A35-901B-7DDC2EF0056F}.Debug|Any CPU.Build.0 = Debug|Any CPU
		{468CD4F5-7A08-4A35-901B-7DDC2EF0056F}.Release|Any CPU.ActiveCfg = Release|Any CPU
		{468CD4F5-7A08-4A35-901B-7DDC2EF0056F}.Release|Any CPU.Build.0 = Release|Any CPU
	EndGlobalSection
	GlobalSection(SolutionProperties) = preSolution
		HideSolutionNode = FALSE
	EndGlobalSection
	GlobalSection(ExtensibilityGlobals) = postSolution
		SolutionGuid = {1B2E5799-9952-4C2B-BD1C-44F5D085007F}
	EndGlobalSection
EndGlobal
